
Microsoft Visual Studio Solution File, Format Version 12.00
# Visual Studio Version 17
VisualStudioVersion = 17.5.33530.505
MinimumVisualStudioVersion = 10.0.40219.1
Project("{9A19103F-16F7-4668-BE54-9A1E7A4F7556}") = "prjAula1", "prjAula1\prjAula1.csproj", "{102689E8-91BC-40E0-A2AC-BE80D45A9E9A}"
	ProjectSection(ProjectDependencies) = postProject
		{02695348-5536-4807-B03B-65BE1F8A8DBE} = {02695348-5536-4807-B03B-65BE1F8A8DBE}
	EndProjectSection
EndProject
Project("{9A19103F-16F7-4668-BE54-9A1E7A4F7556}") = "DAL", "DAL\DAL.csproj", "{7F25C01D-38C9-44DD-B72F-F2FDFAD6D618}"
EndProject
Project("{9A19103F-16F7-4668-BE54-9A1E7A4F7556}") = "DTO", "DTO\DTO.csproj", "{02695348-5536-4807-B03B-65BE1F8A8DBE}"
EndProject
Project("{9A19103F-16F7-4668-BE54-9A1E7A4F7556}") = "BLL", "BLL\BLL.csproj", "{2F5F3727-FDCF-42B0-B3AD-7F31306B4785}"
EndProject
Global
	GlobalSection(SolutionConfigurationPlatforms) = preSolution
		Debug|Any CPU = Debug|Any CPU
		Release|Any CPU = Release|Any CPU
	EndGlobalSection
	GlobalSection(ProjectConfigurationPlatforms) = postSolution
		{102689E8-91BC-40E0-A2AC-BE80D45A9E9A}.Debug|Any CPU.ActiveCfg = Debug|Any CPU
		{102689E8-91BC-40E0-A2AC-BE80D45A9E9A}.Debug|Any CPU.Build.0 = Debug|Any CPU
		{102689E8-91BC-40E0-A2AC-BE80D45A9E9A}.Release|Any CPU.ActiveCfg = Release|Any CPU
		{102689E8-91BC-40E0-A2AC-BE80D45A9E9A}.Release|Any CPU.Build.0 = Release|Any CPU
		{7F25C01D-38C9-44DD-B72F-F2FDFAD6D618}.Debug|Any CPU.ActiveCfg = Debug|Any CPU
		{7F25C01D-38C9-44DD-B72F-F2FDFAD6D618}.Debug|Any CPU.Build.0 = Debug|Any CPU
		{7F25C01D-38C9-44DD-B72F-F2FDFAD6D618}.Release|Any CPU.ActiveCfg = Release|Any CPU
		{7F25C01D-38C9-44DD-B72F-F2FDFAD6D618}.Release|Any CPU.Build.0 = Release|Any CPU
		{02695348-5536-4807-B03B-65BE1F8A8DBE}.Debug|Any CPU.ActiveCfg = Debug|Any CPU
		{02695348-5536-4807-B03B-65BE1F8A8DBE}.Debug|Any CPU.Build.0 = Debug|Any CPU
		{02695348-5536-4807-B03B-65BE1F8A8DBE}.Release|Any CPU.ActiveCfg = Release|Any CPU
		{02695348-5536-4807-B03B-65BE1F8A8DBE}.Release|Any CPU.Build.0 = Release|Any CPU
		{2F5F3727-FDCF-42B0-B3AD-7F31306B4785}.Debug|Any CPU.ActiveCfg = Debug|Any CPU
		{2F5F3727-FDCF-42B0-B3AD-7F31306B4785}.Debug|Any CPU.Build.0 = Debug|Any CPU
		{2F5F3727-FDCF-42B0-B3AD-7F31306B4785}.Release|Any CPU.ActiveCfg = Release|Any CPU
		{2F5F3727-FDCF-42B0-B3AD-7F31306B4785}.Release|Any CPU.Build.0 = Release|Any CPU
	EndGlobalSection
	GlobalSection(SolutionProperties) = preSolution
		HideSolutionNode = FALSE
	EndGlobalSection
	GlobalSection(ExtensibilityGlobals) = postSolution
		SolutionGuid = {89766A69-2F4E-4DFA-BA8A-2A2EB61E0CB0}
	EndGlobalSection
EndGlobal
